
Microsoft Visual Studio Solution File, Format Version 12.00
# Visual Studio 15
VisualStudioVersion = 15.0.27703.2000
MinimumVisualStudioVersion = 10.0.40219.1
Project("{FAE04EC0-301F-11D3-BF4B-00C04F79EFBC}") = "Adventure.Android", "Adventure\Adventure.Android\Adventure.Android.csproj", "{AF54CFB4-9983-433A-B1F1-37804A495EE1}"
EndProject
Project("{FAE04EC0-301F-11D3-BF4B-00C04F79EFBC}") = "Adventure.iOS", "Adventure\Adventure.iOS\Adventure.iOS.csproj", "{FFA2A557-6CBE-49FD-B7C7-6609C52D9B28}"
EndProject
Project("{9A19103F-16F7-4668-BE54-9A1E7A4F7556}") = "Adventure", "Adventure\Adventure\Adventure.csproj", "{AD889944-EB31-48E9-A57D-D6868FF1188A}"
EndProject
Project("{2150E333-8FDC-42A3-9474-1A3956D46DE8}") = "Platform", "Platform", "{E77E75F0-D89B-45E8-A417-80F54A520521}"
EndProject
Project("{2150E333-8FDC-42A3-9474-1A3956D46DE8}") = "Shared", "Shared", "{47DA15F1-8939-4AAF-B553-70E39EF1184B}"
EndProject
Project("{9A19103F-16F7-4668-BE54-9A1E7A4F7556}") = "Adventure.UI", "Adventure.UI\Adventure.UI.csproj", "{D661569A-1DD0-4E31-9EC3-01D587802BA5}"
EndProject
Project("{9A19103F-16F7-4668-BE54-9A1E7A4F7556}") = "Adventure.Helper", "Adventure.Helper\Adventure.Helper.csproj", "{BF6D27DF-139F-494D-96AA-C2F7589A2B05}"
EndProject
Project("{FAE04EC0-301F-11D3-BF4B-00C04F79EFBC}") = "Adventure.Data", "Adventure.Data\Adventure.Data.csproj", "{8E8B490E-82B9-410B-A810-E1D65F16847C}"
EndProject
Global
	GlobalSection(SolutionConfigurationPlatforms) = preSolution
		Ad-Hoc|Any CPU = Ad-Hoc|Any CPU
		Ad-Hoc|iPhone = Ad-Hoc|iPhone
		Ad-Hoc|iPhoneSimulator = Ad-Hoc|iPhoneSimulator
		AppStore|Any CPU = AppStore|Any CPU
		AppStore|iPhone = AppStore|iPhone
		AppStore|iPhoneSimulator = AppStore|iPhoneSimulator
		Debug|Any CPU = Debug|Any CPU
		Debug|iPhone = Debug|iPhone
		Debug|iPhoneSimulator = Debug|iPhoneSimulator
		Release|Any CPU = Release|Any CPU
		Release|iPhone = Release|iPhone
		Release|iPhoneSimulator = Release|iPhoneSimulator
	EndGlobalSection
	GlobalSection(ProjectConfigurationPlatforms) = postSolution
		{AF54CFB4-9983-433A-B1F1-37804A495EE1}.Ad-Hoc|Any CPU.ActiveCfg = Release|Any CPU
		{AF54CFB4-9983-433A-B1F1-37804A495EE1}.Ad-Hoc|Any CPU.Build.0 = Release|Any CPU
		{AF54CFB4-9983-433A-B1F1-37804A495EE1}.Ad-Hoc|Any CPU.Deploy.0 = Release|Any CPU
		{AF54CFB4-9983-433A-B1F1-37804A495EE1}.Ad-Hoc|iPhone.ActiveCfg = Release|Any CPU
		{AF54CFB4-9983-433A-B1F1-37804A495EE1}.Ad-Hoc|iPhone.Build.0 = Release|Any CPU
		{AF54CFB4-9983-433A-B1F1-37804A495EE1}.Ad-Hoc|iPhone.Deploy.0 = Release|Any CPU
		{AF54CFB4-9983-433A-B1F1-37804A495EE1}.Ad-Hoc|iPhoneSimulator.ActiveCfg = Release|Any CPU
		{AF54CFB4-9983-433A-B1F1-37804A495EE1}.Ad-Hoc|iPhoneSimulator.Build.0 = Release|Any CPU
		{AF54CFB4-9983-433A-B1F1-37804A495EE1}.Ad-Hoc|iPhoneSimulator.Deploy.0 = Release|Any CPU
		{AF54CFB4-9983-433A-B1F1-37804A495EE1}.AppStore|Any CPU.ActiveCfg = Release|Any CPU
		{AF54CFB4-9983-433A-B1F1-37804A495EE1}.AppStore|Any CPU.Build.0 = Release|Any CPU
		{AF54CFB4-9983-433A-B1F1-37804A495EE1}.AppStore|Any CPU.Deploy.0 = Release|Any CPU
		{AF54CFB4-9983-433A-B1F1-37804A495EE1}.AppStore|iPhone.ActiveCfg = Release|Any CPU
		{AF54CFB4-9983-433A-B1F1-37804A495EE1}.AppStore|iPhone.Build.0 = Release|Any CPU
		{AF54CFB4-9983-433A-B1F1-37804A495EE1}.AppStore|iPhone.Deploy.0 = Release|Any CPU
		{AF54CFB4-9983-433A-B1F1-37804A495EE1}.AppStore|iPhoneSimulator.ActiveCfg = Release|Any CPU
		{AF54CFB4-9983-433A-B1F1-37804A495EE1}.AppStore|iPhoneSimulator.Build.0 = Release|Any CPU
		{AF54CFB4-9983-433A-B1F1-37804A495EE1}.AppStore|iPhoneSimulator.Deploy.0 = Release|Any CPU
		{AF54CFB4-9983-433A-B1F1-37804A495EE1}.Debug|Any CPU.ActiveCfg = Debug|Any CPU
		{AF54CFB4-9983-433A-B1F1-37804A495EE1}.Debug|Any CPU.Build.0 = Debug|Any CPU
		{AF54CFB4-9983-433A-B1F1-37804A495EE1}.Debug|Any CPU.Deploy.0 = Debug|Any CPU
		{AF54CFB4-9983-433A-B1F1-37804A495EE1}.Debug|iPhone.ActiveCfg = Debug|Any CPU
		{AF54CFB4-9983-433A-B1F1-37804A495EE1}.Debug|iPhone.Build.0 = Debug|Any CPU
		{AF54CFB4-9983-433A-B1F1-37804A495EE1}.Debug|iPhone.Deploy.0 = Debug|Any CPU
		{AF54CFB4-9983-433A-B1F1-37804A495EE1}.Debug|iPhoneSimulator.ActiveCfg = Debug|Any CPU
		{AF54CFB4-9983-433A-B1F1-37804A495EE1}.Debug|iPhoneSimulator.Build.0 = Debug|Any CPU
		{AF54CFB4-9983-433A-B1F1-37804A495EE1}.Debug|iPhoneSimulator.Deploy.0 = Debug|Any CPU
		{AF54CFB4-9983-433A-B1F1-37804A495EE1}.Release|Any CPU.ActiveCfg = Release|Any CPU
		{AF54CFB4-9983-433A-B1F1-37804A495EE1}.Release|Any CPU.Build.0 = Release|Any CPU
		{AF54CFB4-9983-433A-B1F1-37804A495EE1}.Release|Any CPU.Deploy.0 = Release|Any CPU
		{AF54CFB4-9983-433A-B1F1-37804A495EE1}.Release|iPhone.ActiveCfg = Release|Any CPU
		{AF54CFB4-9983-433A-B1F1-37804A495EE1}.Release|iPhone.Build.0 = Release|Any CPU
		{AF54CFB4-9983-433A-B1F1-37804A495EE1}.Release|iPhone.Deploy.0 = Release|Any CPU
		{AF54CFB4-9983-433A-B1F1-37804A495EE1}.Release|iPhoneSimulator.ActiveCfg = Release|Any CPU
		{AF54CFB4-9983-433A-B1F1-37804A495EE1}.Release|iPhoneSimulator.Build.0 = Release|Any CPU
		{AF54CFB4-9983-433A-B1F1-37804A495EE1}.Release|iPhoneSimulator.Deploy.0 = Release|Any CPU
		{FFA2A557-6CBE-49FD-B7C7-6609C52D9B28}.Ad-Hoc|Any CPU.ActiveCfg = Ad-Hoc|iPhone
		{FFA2A557-6CBE-49FD-B7C7-6609C52D9B28}.Ad-Hoc|Any CPU.Build.0 = Ad-Hoc|iPhone
		{FFA2A557-6CBE-49FD-B7C7-6609C52D9B28}.Ad-Hoc|Any CPU.Deploy.0 = Ad-Hoc|iPhone
		{FFA2A557-6CBE-49FD-B7C7-6609C52D9B28}.Ad-Hoc|iPhone.ActiveCfg = Ad-Hoc|iPhone
		{FFA2A557-6CBE-49FD-B7C7-6609C52D9B28}.Ad-Hoc|iPhone.Build.0 = Ad-Hoc|iPhone
		{FFA2A557-6CBE-49FD-B7C7-6609C52D9B28}.Ad-Hoc|iPhone.Deploy.0 = Ad-Hoc|iPhone
		{FFA2A557-6CBE-49FD-B7C7-6609C52D9B28}.Ad-Hoc|iPhoneSimulator.ActiveCfg = Ad-Hoc|iPhoneSimulator
		{FFA2A557-6CBE-49FD-B7C7-6609C52D9B28}.Ad-Hoc|iPhoneSimulator.Build.0 = Ad-Hoc|iPhoneSimulator
		{FFA2A557-6CBE-49FD-B7C7-6609C52D9B28}.Ad-Hoc|iPhoneSimulator.Deploy.0 = Ad-Hoc|iPhoneSimulator
		{FFA2A557-6CBE-49FD-B7C7-6609C52D9B28}.AppStore|Any CPU.ActiveCfg = AppStore|iPhone
		{FFA2A557-6CBE-49FD-B7C7-6609C52D9B28}.AppStore|Any CPU.Build.0 = AppStore|iPhone
		{FFA2A557-6CBE-49FD-B7C7-6609C52D9B28}.AppStore|Any CPU.Deploy.0 = AppStore|iPhone
		{FFA2A557-6CBE-49FD-B7C7-6609C52D9B28}.AppStore|iPhone.ActiveCfg = AppStore|iPhone
		{FFA2A557-6CBE-49FD-B7C7-6609C52D9B28}.AppStore|iPhone.Build.0 = AppStore|iPhone
		{FFA2A557-6CBE-49FD-B7C7-6609C52D9B28}.AppStore|iPhone.Deploy.0 = AppStore|iPhone
		{FFA2A557-6CBE-49FD-B7C7-6609C52D9B28}.AppStore|iPhoneSimulator.ActiveCfg = AppStore|iPhoneSimulator
		{FFA2A557-6CBE-49FD-B7C7-6609C52D9B28}.AppStore|iPhoneSimulator.Build.0 = AppStore|iPhoneSimulator
		{FFA2A557-6CBE-49FD-B7C7-6609C52D9B28}.AppStore|iPhoneSimulator.Deploy.0 = AppStore|iPhoneSimulator
		{FFA2A557-6CBE-49FD-B7C7-6609C52D9B28}.Debug|Any CPU.ActiveCfg = Debug|iPhoneSimulator
		{FFA2A557-6CBE-49FD-B7C7-6609C52D9B28}.Debug|Any CPU.Build.0 = Debug|iPhoneSimulator
		{FFA2A557-6CBE-49FD-B7C7-6609C52D9B28}.Debug|Any CPU.Deploy.0 = Debug|iPhoneSimulator
		{FFA2A557-6CBE-49FD-B7C7-6609C52D9B28}.Debug|iPhone.ActiveCfg = Debug|iPhone
		{FFA2A557-6CBE-49FD-B7C7-6609C52D9B28}.Debug|iPhone.Build.0 = Debug|iPhone
		{FFA2A557-6CBE-49FD-B7C7-6609C52D9B28}.Debug|iPhone.Deploy.0 = Debug|iPhone
		{FFA2A557-6CBE-49FD-B7C7-6609C52D9B28}.Debug|iPhoneSimulator.ActiveCfg = Debug|iPhoneSimulator
		{FFA2A557-6CBE-49FD-B7C7-6609C52D9B28}.Debug|iPhoneSimulator.Build.0 = Debug|iPhoneSimulator
		{FFA2A557-6CBE-49FD-B7C7-6609C52D9B28}.Debug|iPhoneSimulator.Deploy.0 = Debug|iPhoneSimulator
		{FFA2A557-6CBE-49FD-B7C7-6609C52D9B28}.Release|Any CPU.ActiveCfg = Release|iPhone
		{FFA2A557-6CBE-49FD-B7C7-6609C52D9B28}.Release|Any CPU.Build.0 = Release|iPhone
		{FFA2A557-6CBE-49FD-B7C7-6609C52D9B28}.Release|Any CPU.Deploy.0 = Release|iPhone
		{FFA2A557-6CBE-49FD-B7C7-6609C52D9B28}.Release|iPhone.ActiveCfg = Release|iPhone
		{FFA2A557-6CBE-49FD-B7C7-6609C52D9B28}.Release|iPhone.Build.0 = Release|iPhone
		{FFA2A557-6CBE-49FD-B7C7-6609C52D9B28}.Release|iPhone.Deploy.0 = Release|iPhone
		{FFA2A557-6CBE-49FD-B7C7-6609C52D9B28}.Release|iPhoneSimulator.ActiveCfg = Release|iPhoneSimulator
		{FFA2A557-6CBE-49FD-B7C7-6609C52D9B28}.Release|iPhoneSimulator.Build.0 = Release|iPhoneSimulator
		{FFA2A557-6CBE-49FD-B7C7-6609C52D9B28}.Release|iPhoneSimulator.Deploy.0 = Release|iPhoneSimulator
		{AD889944-EB31-48E9-A57D-D6868FF1188A}.Ad-Hoc|Any CPU.ActiveCfg = Debug|Any CPU
		{AD889944-EB31-48E9-A57D-D6868FF1188A}.Ad-Hoc|Any CPU.Build.0 = Debug|Any CPU
		{AD889944-EB31-48E9-A57D-D6868FF1188A}.Ad-Hoc|Any CPU.Deploy.0 = Debug|Any CPU
		{AD889944-EB31-48E9-A57D-D6868FF1188A}.Ad-Hoc|iPhone.ActiveCfg = Debug|Any CPU
		{AD889944-EB31-48E9-A57D-D6868FF1188A}.Ad-Hoc|iPhone.Build.0 = Debug|Any CPU
		{AD889944-EB31-48E9-A57D-D6868FF1188A}.Ad-Hoc|iPhone.Deploy.0 = Debug|Any CPU
		{AD889944-EB31-48E9-A57D-D6868FF1188A}.Ad-Hoc|iPhoneSimulator.ActiveCfg = Debug|Any CPU
		{AD889944-EB31-48E9-A57D-D6868FF1188A}.Ad-Hoc|iPhoneSimulator.Build.0 = Debug|Any CPU
		{AD889944-EB31-48E9-A57D-D6868FF1188A}.Ad-Hoc|iPhoneSimulator.Deploy.0 = Debug|Any CPU
		{AD889944-EB31-48E9-A57D-D6868FF1188A}.AppStore|Any CPU.ActiveCfg = Debug|Any CPU
		{AD889944-EB31-48E9-A57D-D6868FF1188A}.AppStore|Any CPU.Build.0 = Debug|Any CPU
		{AD889944-EB31-48E9-A57D-D6868FF1188A}.AppStore|Any CPU.Deploy.0 = Debug|Any CPU
		{AD889944-EB31-48E9-A57D-D6868FF1188A}.AppStore|iPhone.ActiveCfg = Debug|Any CPU
		{AD889944-EB31-48E9-A57D-D6868FF1188A}.AppStore|iPhone.Build.0 = Debug|Any CPU
		{AD889944-EB31-48E9-A57D-D6868FF1188A}.AppStore|iPhone.Deploy.0 = Debug|Any CPU
		{AD889944-EB31-48E9-A57D-D6868FF1188A}.AppStore|iPhoneSimulator.ActiveCfg = Debug|Any CPU
		{AD889944-EB31-48E9-A57D-D6868FF1188A}.AppStore|iPhoneSimulator.Build.0 = Debug|Any CPU
		{AD889944-EB31-48E9-A57D-D6868FF1188A}.AppStore|iPhoneSimulator.Deploy.0 = Debug|Any CPU
		{AD889944-EB31-48E9-A57D-D6868FF1188A}.Debug|Any CPU.ActiveCfg = Debug|Any CPU
		{AD889944-EB31-48E9-A57D-D6868FF1188A}.Debug|Any CPU.Build.0 = Debug|Any CPU
		{AD889944-EB31-48E9-A57D-D6868FF1188A}.Debug|Any CPU.Deploy.0 = Debug|Any CPU
		{AD889944-EB31-48E9-A57D-D6868FF1188A}.Debug|iPhone.ActiveCfg = Debug|Any CPU
		{AD889944-EB31-48E9-A57D-D6868FF1188A}.Debug|iPhone.Build.0 = Debug|Any CPU
		{AD889944-EB31-48E9-A57D-D6868FF1188A}.Debug|iPhone.Deploy.0 = Debug|Any CPU
		{AD889944-EB31-48E9-A57D-D6868FF1188A}.Debug|iPhoneSimulator.ActiveCfg = Debug|Any CPU
		{AD889944-EB31-48E9-A57D-D6868FF1188A}.Debug|iPhoneSimulator.Build.0 = Debug|Any CPU
		{AD889944-EB31-48E9-A57D-D6868FF1188A}.Debug|iPhoneSimulator.Deploy.0 = Debug|Any CPU
		{AD889944-EB31-48E9-A57D-D6868FF1188A}.Release|Any CPU.ActiveCfg = Release|Any CPU
		{AD889944-EB31-48E9-A57D-D6868FF1188A}.Release|Any CPU.Build.0 = Release|Any CPU
		{AD889944-EB31-48E9-A57D-D6868FF1188A}.Release|Any CPU.Deploy.0 = Release|Any CPU
		{AD889944-EB31-48E9-A57D-D6868FF1188A}.Release|iPhone.ActiveCfg = Release|Any CPU
		{AD889944-EB31-48E9-A57D-D6868FF1188A}.Release|iPhone.Build.0 = Release|Any CPU
		{AD889944-EB31-48E9-A57D-D6868FF1188A}.Release|iPhone.Deploy.0 = Release|Any CPU
		{AD889944-EB31-48E9-A57D-D6868FF1188A}.Release|iPhoneSimulator.ActiveCfg = Release|Any CPU
		{AD889944-EB31-48E9-A57D-D6868FF1188A}.Release|iPhoneSimulator.Build.0 = Release|Any CPU
		{AD889944-EB31-48E9-A57D-D6868FF1188A}.Release|iPhoneSimulator.Deploy.0 = Release|Any CPU
		{D661569A-1DD0-4E31-9EC3-01D587802BA5}.Ad-Hoc|Any CPU.ActiveCfg = Debug|Any CPU
		{D661569A-1DD0-4E31-9EC3-01D587802BA5}.Ad-Hoc|Any CPU.Build.0 = Debug|Any CPU
		{D661569A-1DD0-4E31-9EC3-01D587802BA5}.Ad-Hoc|iPhone.ActiveCfg = Debug|Any CPU
		{D661569A-1DD0-4E31-9EC3-01D587802BA5}.Ad-Hoc|iPhone.Build.0 = Debug|Any CPU
		{D661569A-1DD0-4E31-9EC3-01D587802BA5}.Ad-Hoc|iPhoneSimulator.ActiveCfg = Debug|Any CPU
		{D661569A-1DD0-4E31-9EC3-01D587802BA5}.Ad-Hoc|iPhoneSimulator.Build.0 = Debug|Any CPU
		{D661569A-1DD0-4E31-9EC3-01D587802BA5}.AppStore|Any CPU.ActiveCfg = Debug|Any CPU
		{D661569A-1DD0-4E31-9EC3-01D587802BA5}.AppStore|Any CPU.Build.0 = Debug|Any CPU
		{D661569A-1DD0-4E31-9EC3-01D587802BA5}.AppStore|iPhone.ActiveCfg = Debug|Any CPU
		{D661569A-1DD0-4E31-9EC3-01D587802BA5}.AppStore|iPhone.Build.0 = Debug|Any CPU
		{D661569A-1DD0-4E31-9EC3-01D587802BA5}.AppStore|iPhoneSimulator.ActiveCfg = Debug|Any CPU
		{D661569A-1DD0-4E31-9EC3-01D587802BA5}.AppStore|iPhoneSimulator.Build.0 = Debug|Any CPU
		{D661569A-1DD0-4E31-9EC3-01D587802BA5}.Debug|Any CPU.ActiveCfg = Debug|Any CPU
		{D661569A-1DD0-4E31-9EC3-01D587802BA5}.Debug|Any CPU.Build.0 = Debug|Any CPU
		{D661569A-1DD0-4E31-9EC3-01D587802BA5}.Debug|iPhone.ActiveCfg = Debug|Any CPU
		{D661569A-1DD0-4E31-9EC3-01D587802BA5}.Debug|iPhone.Build.0 = Debug|Any CPU
		{D661569A-1DD0-4E31-9EC3-01D587802BA5}.Debug|iPhoneSimulator.ActiveCfg = Debug|Any CPU
		{D661569A-1DD0-4E31-9EC3-01D587802BA5}.Debug|iPhoneSimulator.Build.0 = Debug|Any CPU
		{D661569A-1DD0-4E31-9EC3-01D587802BA5}.Release|Any CPU.ActiveCfg = Release|Any CPU
		{D661569A-1DD0-4E31-9EC3-01D587802BA5}.Release|Any CPU.Build.0 = Release|Any CPU
		{D661569A-1DD0-4E31-9EC3-01D587802BA5}.Release|iPhone.ActiveCfg = Release|Any CPU
		{D661569A-1DD0-4E31-9EC3-01D587802BA5}.Release|iPhone.Build.0 = Release|Any CPU
		{D661569A-1DD0-4E31-9EC3-01D587802BA5}.Release|iPhoneSimulator.ActiveCfg = Release|Any CPU
		{D661569A-1DD0-4E31-9EC3-01D587802BA5}.Release|iPhoneSimulator.Build.0 = Release|Any CPU
		{BF6D27DF-139F-494D-96AA-C2F7589A2B05}.Ad-Hoc|Any CPU.ActiveCfg = Debug|Any CPU
		{BF6D27DF-139F-494D-96AA-C2F7589A2B05}.Ad-Hoc|Any CPU.Build.0 = Debug|Any CPU
		{BF6D27DF-139F-494D-96AA-C2F7589A2B05}.Ad-Hoc|iPhone.ActiveCfg = Debug|Any CPU
		{BF6D27DF-139F-494D-96AA-C2F7589A2B05}.Ad-Hoc|iPhone.Build.0 = Debug|Any CPU
		{BF6D27DF-139F-494D-96AA-C2F7589A2B05}.Ad-Hoc|iPhoneSimulator.ActiveCfg = Debug|Any CPU
		{BF6D27DF-139F-494D-96AA-C2F7589A2B05}.Ad-Hoc|iPhoneSimulator.Build.0 = Debug|Any CPU
		{BF6D27DF-139F-494D-96AA-C2F7589A2B05}.AppStore|Any CPU.ActiveCfg = Debug|Any CPU
		{BF6D27DF-139F-494D-96AA-C2F7589A2B05}.AppStore|Any CPU.Build.0 = Debug|Any CPU
		{BF6D27DF-139F-494D-96AA-C2F7589A2B05}.AppStore|iPhone.ActiveCfg = Debug|Any CPU
		{BF6D27DF-139F-494D-96AA-C2F7589A2B05}.AppStore|iPhone.Build.0 = Debug|Any CPU
		{BF6D27DF-139F-494D-96AA-C2F7589A2B05}.AppStore|iPhoneSimulator.ActiveCfg = Debug|Any CPU
		{BF6D27DF-139F-494D-96AA-C2F7589A2B05}.AppStore|iPhoneSimulator.Build.0 = Debug|Any CPU
		{BF6D27DF-139F-494D-96AA-C2F7589A2B05}.Debug|Any CPU.ActiveCfg = Debug|Any CPU
		{BF6D27DF-139F-494D-96AA-C2F7589A2B05}.Debug|Any CPU.Build.0 = Debug|Any CPU
		{BF6D27DF-139F-494D-96AA-C2F7589A2B05}.Debug|iPhone.ActiveCfg = Debug|Any CPU
		{BF6D27DF-139F-494D-96AA-C2F7589A2B05}.Debug|iPhone.Build.0 = Debug|Any CPU
		{BF6D27DF-139F-494D-96AA-C2F7589A2B05}.Debug|iPhoneSimulator.ActiveCfg = Debug|Any CPU
		{BF6D27DF-139F-494D-96AA-C2F7589A2B05}.Debug|iPhoneSimulator.Build.0 = Debug|Any CPU
		{BF6D27DF-139F-494D-96AA-C2F7589A2B05}.Release|Any CPU.ActiveCfg = Release|Any CPU
		{BF6D27DF-139F-494D-96AA-C2F7589A2B05}.Release|Any CPU.Build.0 = Release|Any CPU
		{BF6D27DF-139F-494D-96AA-C2F7589A2B05}.Release|iPhone.ActiveCfg = Release|Any CPU
		{BF6D27DF-139F-494D-96AA-C2F7589A2B05}.Release|iPhone.Build.0 = Release|Any CPU
		{BF6D27DF-139F-494D-96AA-C2F7589A2B05}.Release|iPhoneSimulator.ActiveCfg = Release|Any CPU
		{BF6D27DF-139F-494D-96AA-C2F7589A2B05}.Release|iPhoneSimulator.Build.0 = Release|Any CPU
		{8E8B490E-82B9-410B-A810-E1D65F16847C}.Ad-Hoc|Any CPU.ActiveCfg = Debug|Any CPU
		{8E8B490E-82B9-410B-A810-E1D65F16847C}.Ad-Hoc|Any CPU.Build.0 = Debug|Any CPU
		{8E8B490E-82B9-410B-A810-E1D65F16847C}.Ad-Hoc|iPhone.ActiveCfg = Debug|Any CPU
		{8E8B490E-82B9-410B-A810-E1D65F16847C}.Ad-Hoc|iPhone.Build.0 = Debug|Any CPU
		{8E8B490E-82B9-410B-A810-E1D65F16847C}.Ad-Hoc|iPhoneSimulator.ActiveCfg = Debug|Any CPU
		{8E8B490E-82B9-410B-A810-E1D65F16847C}.Ad-Hoc|iPhoneSimulator.Build.0 = Debug|Any CPU
		{8E8B490E-82B9-410B-A810-E1D65F16847C}.AppStore|Any CPU.ActiveCfg = Debug|Any CPU
		{8E8B490E-82B9-410B-A810-E1D65F16847C}.AppStore|Any CPU.Build.0 = Debug|Any CPU
		{8E8B490E-82B9-410B-A810-E1D65F16847C}.AppStore|iPhone.ActiveCfg = Debug|Any CPU
		{8E8B490E-82B9-410B-A810-E1D65F16847C}.AppStore|iPhone.Build.0 = Debug|Any CPU
		{8E8B490E-82B9-410B-A810-E1D65F16847C}.AppStore|iPhoneSimulator.ActiveCfg = Debug|Any CPU
		{8E8B490E-82B9-410B-A810-E1D65F16847C}.AppStore|iPhoneSimulator.Build.0 = Debug|Any CPU
		{8E8B490E-82B9-410B-A810-E1D65F16847C}.Debug|Any CPU.ActiveCfg = Debug|Any CPU
		{8E8B490E-82B9-410B-A810-E1D65F16847C}.Debug|Any CPU.Build.0 = Debug|Any CPU
		{8E8B490E-82B9-410B-A810-E1D65F16847C}.Debug|iPhone.ActiveCfg = Debug|Any CPU
		{8E8B490E-82B9-410B-A810-E1D65F16847C}.Debug|iPhone.Build.0 = Debug|Any CPU
		{8E8B490E-82B9-410B-A810-E1D65F16847C}.Debug|iPhoneSimulator.ActiveCfg = Debug|Any CPU
		{8E8B490E-82B9-410B-A810-E1D65F16847C}.Debug|iPhoneSimulator.Build.0 = Debug|Any CPU
		{8E8B490E-82B9-410B-A810-E1D65F16847C}.Release|Any CPU.ActiveCfg = Release|Any CPU
		{8E8B490E-82B9-410B-A810-E1D65F16847C}.Release|Any CPU.Build.0 = Release|Any CPU
		{8E8B490E-82B9-410B-A810-E1D65F16847C}.Release|iPhone.ActiveCfg = Release|Any CPU
		{8E8B490E-82B9-410B-A810-E1D65F16847C}.Release|iPhone.Build.0 = Release|Any CPU
		{8E8B490E-82B9-410B-A810-E1D65F16847C}.Release|iPhoneSimulator.ActiveCfg = Release|Any CPU
		{8E8B490E-82B9-410B-A810-E1D65F16847C}.Release|iPhoneSimulator.Build.0 = Release|Any CPU
	EndGlobalSection
	GlobalSection(SolutionProperties) = preSolution
		HideSolutionNode = FALSE
	EndGlobalSection
	GlobalSection(NestedProjects) = preSolution
		{AF54CFB4-9983-433A-B1F1-37804A495EE1} = {E77E75F0-D89B-45E8-A417-80F54A520521}
		{FFA2A557-6CBE-49FD-B7C7-6609C52D9B28} = {E77E75F0-D89B-45E8-A417-80F54A520521}
		{AD889944-EB31-48E9-A57D-D6868FF1188A} = {47DA15F1-8939-4AAF-B553-70E39EF1184B}
		{D661569A-1DD0-4E31-9EC3-01D587802BA5} = {47DA15F1-8939-4AAF-B553-70E39EF1184B}
		{BF6D27DF-139F-494D-96AA-C2F7589A2B05} = {47DA15F1-8939-4AAF-B553-70E39EF1184B}
		{8E8B490E-82B9-410B-A810-E1D65F16847C} = {47DA15F1-8939-4AAF-B553-70E39EF1184B}
	EndGlobalSection
	GlobalSection(ExtensibilityGlobals) = postSolution
		SolutionGuid = {492CB277-5F02-48B2-9223-F0AF23A0B40B}
	EndGlobalSection
EndGlobal
